
Microsoft Visual Studio Solution File, Format Version 12.00
# Visual Studio Version 17
VisualStudioVersion = 17.0.31903.59
MinimumVisualStudioVersion = 10.0.40219.1
Project("{FAE04EC0-301F-11D3-BF4B-00C04F79EFBC}") = "Model", "Model\Model.csproj", "{B44DAF78-211B-4185-9506-2CEDBE6B532A}"
EndProject
Project("{FAE04EC0-301F-11D3-BF4B-00C04F79EFBC}") = "Application", "Application\Application.csproj", "{3A3ECEC2-2286-494F-A3A2-12542EE1B0EC}"
EndProject
Project("{FAE04EC0-301F-11D3-BF4B-00C04F79EFBC}") = "Web", "Web\Web.csproj", "{ADA90BD3-1001-468C-AEE4-D2862E726398}"
EndProject
Project("{FAE04EC0-301F-11D3-BF4B-00C04F79EFBC}") = "TestPersistence", "TestPersistence\TestPersistence.csproj", "{0E47514E-639F-458F-8240-A1C150E6CF34}"
EndProject
Global
	GlobalSection(SolutionConfigurationPlatforms) = preSolution
		Debug|Any CPU = Debug|Any CPU
		Release|Any CPU = Release|Any CPU
	EndGlobalSection
	GlobalSection(SolutionProperties) = preSolution
		HideSolutionNode = FALSE
	EndGlobalSection
	GlobalSection(ProjectConfigurationPlatforms) = postSolution
		{B44DAF78-211B-4185-9506-2CEDBE6B532A}.Debug|Any CPU.ActiveCfg = Debug|Any CPU
		{B44DAF78-211B-4185-9506-2CEDBE6B532A}.Debug|Any CPU.Build.0 = Debug|Any CPU
		{B44DAF78-211B-4185-9506-2CEDBE6B532A}.Release|Any CPU.ActiveCfg = Release|Any CPU
		{B44DAF78-211B-4185-9506-2CEDBE6B532A}.Release|Any CPU.Build.0 = Release|Any CPU
		{3A3ECEC2-2286-494F-A3A2-12542EE1B0EC}.Debug|Any CPU.ActiveCfg = Debug|Any CPU
		{3A3ECEC2-2286-494F-A3A2-12542EE1B0EC}.Debug|Any CPU.Build.0 = Debug|Any CPU
		{3A3ECEC2-2286-494F-A3A2-12542EE1B0EC}.Release|Any CPU.ActiveCfg = Release|Any CPU
		{3A3ECEC2-2286-494F-A3A2-12542EE1B0EC}.Release|Any CPU.Build.0 = Release|Any CPU
		{ADA90BD3-1001-468C-AEE4-D2862E726398}.Debug|Any CPU.ActiveCfg = Debug|Any CPU
		{ADA90BD3-1001-468C-AEE4-D2862E726398}.Debug|Any CPU.Build.0 = Debug|Any CPU
		{ADA90BD3-1001-468C-AEE4-D2862E726398}.Release|Any CPU.ActiveCfg = Release|Any CPU
		{ADA90BD3-1001-468C-AEE4-D2862E726398}.Release|Any CPU.Build.0 = Release|Any CPU
		{0E47514E-639F-458F-8240-A1C150E6CF34}.Debug|Any CPU.ActiveCfg = Debug|Any CPU
		{0E47514E-639F-458F-8240-A1C150E6CF34}.Debug|Any CPU.Build.0 = Debug|Any CPU
		{0E47514E-639F-458F-8240-A1C150E6CF34}.Release|Any CPU.ActiveCfg = Release|Any CPU
		{0E47514E-639F-458F-8240-A1C150E6CF34}.Release|Any CPU.Build.0 = Release|Any CPU
	EndGlobalSection
EndGlobal
