
Microsoft Visual Studio Solution File, Format Version 12.00
# Visual Studio Version 16
VisualStudioVersion = 16.0.31424.327
MinimumVisualStudioVersion = 10.0.40219.1
Project("{FAE04EC0-301F-11D3-BF4B-00C04F79EFBC}") = "BlobStorage", "BlobStorage\BlobStorage.csproj", "{341BF9B4-BC05-48BF-8CAB-F4038E39F97E}"
EndProject
Global
	GlobalSection(SolutionConfigurationPlatforms) = preSolution
		Debug|Any CPU = Debug|Any CPU
		Release|Any CPU = Release|Any CPU
	EndGlobalSection
	GlobalSection(ProjectConfigurationPlatforms) = postSolution
		{341BF9B4-BC05-48BF-8CAB-F4038E39F97E}.Debug|Any CPU.ActiveCfg = Debug|Any CPU
		{341BF9B4-BC05-48BF-8CAB-F4038E39F97E}.Debug|Any CPU.Build.0 = Debug|Any CPU
		{341BF9B4-BC05-48BF-8CAB-F4038E39F97E}.Release|Any CPU.ActiveCfg = Release|Any CPU
		{341BF9B4-BC05-48BF-8CAB-F4038E39F97E}.Release|Any CPU.Build.0 = Release|Any CPU
	EndGlobalSection
	GlobalSection(SolutionProperties) = preSolution
		HideSolutionNode = FALSE
	EndGlobalSection
	GlobalSection(ExtensibilityGlobals) = postSolution
		SolutionGuid = {9554D61B-AE27-4E46-8A65-9CBD50F3B63C}
	EndGlobalSection
EndGlobal
